
Microsoft Visual Studio Solution File, Format Version 12.00
# Visual Studio Version 17
VisualStudioVersion = 17.11.35327.3
MinimumVisualStudioVersion = 10.0.40219.1
Project("{FAE04EC0-301F-11D3-BF4B-00C04F79EFBC}") = "DTS_System3", "DTS_System3\DTS_System3.csproj", "{CC363E25-539B-43D2-A399-3CC8BF6F3458}"
EndProject
Global
	GlobalSection(SolutionConfigurationPlatforms) = preSolution
		Debug|Any CPU = Debug|Any CPU
		Release|Any CPU = Release|Any CPU
	EndGlobalSection
	GlobalSection(ProjectConfigurationPlatforms) = postSolution
		{CC363E25-539B-43D2-A399-3CC8BF6F3458}.Debug|Any CPU.ActiveCfg = Debug|Any CPU
		{CC363E25-539B-43D2-A399-3CC8BF6F3458}.Debug|Any CPU.Build.0 = Debug|Any CPU
		{CC363E25-539B-43D2-A399-3CC8BF6F3458}.Release|Any CPU.ActiveCfg = Release|Any CPU
		{CC363E25-539B-43D2-A399-3CC8BF6F3458}.Release|Any CPU.Build.0 = Release|Any CPU
	EndGlobalSection
	GlobalSection(SolutionProperties) = preSolution
		HideSolutionNode = FALSE
	EndGlobalSection
	GlobalSection(ExtensibilityGlobals) = postSolution
		SolutionGuid = {F6E7A17D-9001-4BA8-B902-04FB20B7FE27}
	EndGlobalSection
EndGlobal
